
Microsoft Visual Studio Solution File, Format Version 12.00
# Visual Studio Version 17
VisualStudioVersion = 17.4.33110.190
MinimumVisualStudioVersion = 10.0.40219.1
Project("{9A19103F-16F7-4668-BE54-9A1E7A4F7556}") = "Roulette API", "Roulette API\Roulette API.csproj", "{DFD1A000-F29F-409B-AC92-38C309F981BB}"
EndProject
Project("{FAE04EC0-301F-11D3-BF4B-00C04F79EFBC}") = "Roulette Test", "Roulette Test\Roulette Test.csproj", "{1AFF84B4-BC07-4A3A-8402-FB0E51258AF9}"
EndProject
Global
	GlobalSection(SolutionConfigurationPlatforms) = preSolution
		Debug|Any CPU = Debug|Any CPU
		Release|Any CPU = Release|Any CPU
	EndGlobalSection
	GlobalSection(ProjectConfigurationPlatforms) = postSolution
		{DFD1A000-F29F-409B-AC92-38C309F981BB}.Debug|Any CPU.ActiveCfg = Debug|Any CPU
		{DFD1A000-F29F-409B-AC92-38C309F981BB}.Debug|Any CPU.Build.0 = Debug|Any CPU
		{DFD1A000-F29F-409B-AC92-38C309F981BB}.Release|Any CPU.ActiveCfg = Release|Any CPU
		{DFD1A000-F29F-409B-AC92-38C309F981BB}.Release|Any CPU.Build.0 = Release|Any CPU
		{1AFF84B4-BC07-4A3A-8402-FB0E51258AF9}.Debug|Any CPU.ActiveCfg = Debug|Any CPU
		{1AFF84B4-BC07-4A3A-8402-FB0E51258AF9}.Debug|Any CPU.Build.0 = Debug|Any CPU
		{1AFF84B4-BC07-4A3A-8402-FB0E51258AF9}.Release|Any CPU.ActiveCfg = Release|Any CPU
		{1AFF84B4-BC07-4A3A-8402-FB0E51258AF9}.Release|Any CPU.Build.0 = Release|Any CPU
	EndGlobalSection
	GlobalSection(SolutionProperties) = preSolution
		HideSolutionNode = FALSE
	EndGlobalSection
	GlobalSection(ExtensibilityGlobals) = postSolution
		SolutionGuid = {9FF2FB57-3F3A-458F-929F-2D6759710F80}
	EndGlobalSection
EndGlobal
